{
  "version": 4,
  "terraform_version": "1.4.6",
  "serial": 14,
  "lineage": "e88feadc-999e-e6cc-50aa-50ec15f63dfa",
  "outputs": {
    "databaseserver_ip": {
      "value": "192.168.1.49",
      "type": "string"
    },
    "webserver_ip": {
      "value": "192.168.1.50",
      "type": "string"
    }
  },
  "resources": [
    {
      "mode": "managed",
      "type": "esxi_guest",
      "name": "databaseserver",
      "provider": "provider[\"registry.terraform.io/josenk/esxi\"]",
      "instances": [
        {
          "schema_version": 0,
          "attributes": {
            "boot_disk_size": null,
            "boot_disk_type": "thin",
            "boot_firmware": "bios",
            "clone_from_vm": null,
            "disk_store": "datastore1",
            "guest_name": "databaseserver",
            "guest_shutdown_timeout": 20,
            "guest_startup_timeout": 120,
            "guestinfo": {
              "metadata": "I2Nsb3VkLWNvbmZpZwpsb2NhbC1ob3N0bmFtZTogZGVmYXVsdC1ob3N0bmFtZQo=",
              "metadata.encoding": "base64",
              "userdata": "I2Nsb3VkLWNvbmZpZwpob3N0bmFtZTogZGIxLmxvY2FsCm5ldHdvcms6CiAgdmVyc2lvbjogMgogIGV0aGVybmV0czoKICAgIGVuczE2MDoKICAgICAgZGhjcDQ6IGZhbHNlCiAgICAgIGFkZHJlc3NlczogWzE5Mi4xNjguMS4xMjAvMjRdCiAgICAgIGdhdGV3YXk0OiAxOTIuMTY4LjEuMQogICAgICBuYW1lc2VydmVyczoKICAgICAgICBhZGRyZXNzZXM6IFs4LjguOC44LCA4LjguNC40XQp1c2VyczoKICAtIG5hbWU6IHJvb3QKICAgIHN1ZG86IEFMTD0oQUxMKSBOT1BBU1NXRDpBTEwKICAgIHNoZWxsOiAvYmluL2Jhc2gKICAgIGxvY2tfcGFzc3dkOiBmYWxzZQogICAgcGFzc3dkOiAiJDYkUHBKajVEaU96aHhrN0RKbSRLYUlwQlMubVRvemVFbVRHckFyaTdBNEVZZjFEM08zcG5HRnhod2NNb2tqV0x2UnRKbWZ4OHBDQ3ZCQU1xTjZ4eDRqazhmczZHSFdtTWN6Y3FWUFZQMCIKICAgIHNzaF9wd2F1dGg6IHllcwoKcGFja2FnZV91cGRhdGU6IHRydWUKcGFja2FnZV91cGdyYWRlOiB0cnVlCnBhY2thZ2VzOgogIC0gZG9ja2VyLmlvCnJ1bmNtZDogW10K",
              "userdata.encoding": "base64"
            },
            "guestos": "ubuntu-64",
            "host_ovf": null,
            "id": "29",
            "ip_address": "192.168.1.49",
            "memsize": "1024",
            "network_interfaces": [
              {
                "mac_address": "",
                "nic_type": "e1000",
                "virtual_network": "VM Network"
              }
            ],
            "notes": "",
            "numvcpus": "1",
            "ovf_properties": [],
            "ovf_properties_timer": 90,
            "ovf_source": "https://cloud-images.ubuntu.com/releases/24.04/release/ubuntu-24.04-server-cloudimg-amd64.ova",
            "power": "on",
            "resource_pool_name": "/",
            "virthwver": "10",
            "virtual_disks": []
          },
          "sensitive_attributes": [],
          "private": "bnVsbA=="
        }
      ]
    },
    {
      "mode": "managed",
      "type": "esxi_guest",
      "name": "webserver",
      "provider": "provider[\"registry.terraform.io/josenk/esxi\"]",
      "instances": [
        {
          "schema_version": 0,
          "attributes": {
            "boot_disk_size": null,
            "boot_disk_type": "thin",
            "boot_firmware": "bios",
            "clone_from_vm": null,
            "disk_store": "datastore1",
            "guest_name": "webserver",
            "guest_shutdown_timeout": 20,
            "guest_startup_timeout": 120,
            "guestinfo": {
              "metadata": "I2Nsb3VkLWNvbmZpZwpsb2NhbC1ob3N0bmFtZTogZGVmYXVsdC1ob3N0bmFtZQo=",
              "metadata.encoding": "base64",
              "userdata": "I2Nsb3VkLWNvbmZpZwpob3N0bmFtZTogd2ViMS5sb2NhbApuZXR3b3JrOgogIHZlcnNpb246IDIKICBldGhlcm5ldHM6CiAgICBlbnMxNjA6CiAgICAgIGRoY3A0OiBmYWxzZQogICAgICBhZGRyZXNzZXM6IFsxOTIuMTY4LjEuMTEwLzI0XQogICAgICBnYXRld2F5NDogMTkyLjE2OC4xLjEKICAgICAgbmFtZXNlcnZlcnM6CiAgICAgICAgYWRkcmVzc2VzOiBbOC44LjguOCwgOC44LjQuNF0KdXNlcnM6CiAgLSBuYW1lOiByb290CiAgICBzdWRvOiBBTEw9KEFMTCkgTk9QQVNTV0Q6QUxMCiAgICBzaGVsbDogL2Jpbi9iYXNoCiAgICBsb2NrX3Bhc3N3ZDogZmFsc2UKICAgIHBhc3N3ZDogIiQ2JFBwSmo1RGlPemh4azdESm0kS2FJcEJTLm1Ub3plRW1UR3JBcmk3QTRFWWYxRDNPM3BuR0Z4aHdjTW9raldMdlJ0Sm1meDhwQ0N2QkFNcU42eHg0ams4ZnM2R0hXbU1jemNxVlBWUDAiCiAgICBzc2hfcHdhdXRoOiB5ZXMKCnBhY2thZ2VfdXBkYXRlOiB0cnVlCnBhY2thZ2VfdXBncmFkZTogdHJ1ZQpwYWNrYWdlczoKICAtIGRvY2tlci5pbwpydW5jbWQ6CiAgLSBkb2NrZXIgcnVuIC1kIC1wIDgwOjgwIG5naW54OmxhdGVzdAo=",
              "userdata.encoding": "base64"
            },
            "guestos": "ubuntu-64",
            "host_ovf": null,
            "id": "30",
            "ip_address": "192.168.1.50",
            "memsize": "1024",
            "network_interfaces": [
              {
                "mac_address": "",
                "nic_type": "e1000",
                "virtual_network": "VM Network"
              }
            ],
            "notes": "",
            "numvcpus": "1",
            "ovf_properties": [],
            "ovf_properties_timer": 90,
            "ovf_source": "https://cloud-images.ubuntu.com/releases/24.04/release/ubuntu-24.04-server-cloudimg-amd64.ova",
            "power": "on",
            "resource_pool_name": "/",
            "virthwver": "10",
            "virtual_disks": []
          },
          "sensitive_attributes": [],
          "private": "bnVsbA=="
        }
      ]
    }
  ],
  "check_results": null
}
